
Microsoft Visual Studio Solution File, Format Version 12.00
# Visual Studio Version 17
VisualStudioVersion = 17.4.33213.308
MinimumVisualStudioVersion = 10.0.40219.1
Project("{FAE04EC0-301F-11D3-BF4B-00C04F79EFBC}") = "Auth.Web", "Auth.Web\Auth.Web.csproj", "{DE30EC2A-8925-4149-98D4-BCD966B99CED}"
EndProject
Global
	GlobalSection(SolutionConfigurationPlatforms) = preSolution
		Debug|Any CPU = Debug|Any CPU
		Release|Any CPU = Release|Any CPU
	EndGlobalSection
	GlobalSection(ProjectConfigurationPlatforms) = postSolution
		{DE30EC2A-8925-4149-98D4-BCD966B99CED}.Debug|Any CPU.ActiveCfg = Debug|Any CPU
		{DE30EC2A-8925-4149-98D4-BCD966B99CED}.Debug|Any CPU.Build.0 = Debug|Any CPU
		{DE30EC2A-8925-4149-98D4-BCD966B99CED}.Release|Any CPU.ActiveCfg = Release|Any CPU
		{DE30EC2A-8925-4149-98D4-BCD966B99CED}.Release|Any CPU.Build.0 = Release|Any CPU
	EndGlobalSection
	GlobalSection(SolutionProperties) = preSolution
		HideSolutionNode = FALSE
	EndGlobalSection
	GlobalSection(ExtensibilityGlobals) = postSolution
		SolutionGuid = {4A492AD8-D48B-4252-A637-433F8678CB41}
	EndGlobalSection
EndGlobal
